<?xml version="1.0" encoding="utf-8"?>
<Project ToolsVersion="4.0" xmlns="http://schemas.microsoft.com/developer/msbuild/2003">
  <ItemGroup>
    <Filter Include="Source Files">
      <UniqueIdentifier>{17d8f3bd-8d29-4272-8a3b-7f4d87cf6353}</UniqueIdentifier>
      <Extensions>cpp;c;cxx;rc;def;r;odl;idl;hpj;bat</Extensions>
    </Filter>
    <Filter Include="Ini Files">
      <UniqueIdentifier>{43e2e6a0-3ac1-4d93-8184-f802f15b174d}</UniqueIdentifier>
    </Filter>
    <Filter Include="Image Files">
      <UniqueIdentifier>{d1231973-6db2-428c-b290-df514a56b700}</UniqueIdentifier>
    </Filter>
  </ItemGroup>
  <ItemGroup>
    <ResourceCompile Include="VisualStudio2012.rc">
      <Filter>Source Files</Filter>
    </ResourceCompile>
  </ItemGroup>
  <ItemGroup>
    <None Include="VisualStudio2012Dark.ini">
      <Filter>Ini Files</Filter>
    </None>
    <None Include="VisualStudio2012Light.ini">
      <Filter>Ini Files</Filter>
    </None>
  </ItemGroup>
</Project>